# THIS IS AN AUTOGENERATED FILE. DO NOT EDIT THIS FILE DIRECTLY.
# yarn lockfile v1


"@biomejs/biome@2.2.2":
  version "2.2.2"
  resolved "https://registry.yarnpkg.com/@biomejs/biome/-/biome-2.2.2.tgz#a039a59ce8612ee706c0abbf285eb3ae04a6f1a9"
  integrity sha512-j1omAiQWCkhuLgwpMKisNKnsM6W8Xtt1l0WZmqY/dFj8QPNkIoTvk4tSsi40FaAAkBE1PU0AFG2RWFBWenAn+w==
  optionalDependencies:
    "@biomejs/cli-darwin-arm64" "2.2.2"
    "@biomejs/cli-darwin-x64" "2.2.2"
    "@biomejs/cli-linux-arm64" "2.2.2"
    "@biomejs/cli-linux-arm64-musl" "2.2.2"
    "@biomejs/cli-linux-x64" "2.2.2"
    "@biomejs/cli-linux-x64-musl" "2.2.2"
    "@biomejs/cli-win32-arm64" "2.2.2"
    "@biomejs/cli-win32-x64" "2.2.2"

"@biomejs/cli-darwin-arm64@2.2.2":
  version "2.2.2"
  resolved "https://registry.yarnpkg.com/@biomejs/cli-darwin-arm64/-/cli-darwin-arm64-2.2.2.tgz#18560240d374d8fa89df7d5af0f2101971a05d04"
  integrity sha512-6ePfbCeCPryWu0CXlzsWNZgVz/kBEvHiPyNpmViSt6A2eoDf4kXs3YnwQPzGjy8oBgQulrHcLnJL0nkCh80mlQ==

"@biomejs/cli-darwin-x64@2.2.2":
  version "2.2.2"
  resolved "https://registry.yarnpkg.com/@biomejs/cli-darwin-x64/-/cli-darwin-x64-2.2.2.tgz#68bf6e2dc4384f96d590b2c342bfa09fbb7be492"
  integrity sha512-Tn4JmVO+rXsbRslml7FvKaNrlgUeJot++FkvYIhl1OkslVCofAtS35MPlBMhXgKWF9RNr9cwHanrPTUUXcYGag==

"@biomejs/cli-linux-arm64-musl@2.2.2":
  version "2.2.2"
  resolved "https://registry.yarnpkg.com/@biomejs/cli-linux-arm64-musl/-/cli-linux-arm64-musl-2.2.2.tgz#3f091595615739c69ccc300a5eb3acbefca3996c"
  integrity sha512-/MhYg+Bd6renn6i1ylGFL5snYUn/Ct7zoGVKhxnro3bwekiZYE8Kl39BSb0MeuqM+72sThkQv4TnNubU9njQRw==

"@biomejs/cli-linux-arm64@2.2.2":
  version "2.2.2"
  resolved "https://registry.yarnpkg.com/@biomejs/cli-linux-arm64/-/cli-linux-arm64-2.2.2.tgz#9ed17fc01681e83a1d52efd366f9edc3efbca0ae"
  integrity sha512-JfrK3gdmWWTh2J5tq/rcWCOsImVyzUnOS2fkjhiYKCQ+v8PqM+du5cfB7G1kXas+7KQeKSWALv18iQqdtIMvzw==

"@biomejs/cli-linux-x64-musl@2.2.2":
  version "2.2.2"
  resolved "https://registry.yarnpkg.com/@biomejs/cli-linux-x64-musl/-/cli-linux-x64-musl-2.2.2.tgz#01bcb119f2f94af5e5610a961b9ffcfa26cf2a3b"
  integrity sha512-ZCLXcZvjZKSiRY/cFANKg+z6Fhsf9MHOzj+NrDQcM+LbqYRT97LyCLWy2AS+W2vP+i89RyRM+kbGpUzbRTYWig==

"@biomejs/cli-linux-x64@2.2.2":
  version "2.2.2"
  resolved "https://registry.yarnpkg.com/@biomejs/cli-linux-x64/-/cli-linux-x64-2.2.2.tgz#c5d0c6ce58b90e30f123e2cfdb29d2add65e2384"
  integrity sha512-Ogb+77edO5LEP/xbNicACOWVLt8mgC+E1wmpUakr+O4nKwLt9vXe74YNuT3T1dUBxC/SnrVmlzZFC7kQJEfquQ==

"@biomejs/cli-win32-arm64@2.2.2":
  version "2.2.2"
  resolved "https://registry.yarnpkg.com/@biomejs/cli-win32-arm64/-/cli-win32-arm64-2.2.2.tgz#26e0fe782de6d83f3ecb4f247322a483104d749a"
  integrity sha512-wBe2wItayw1zvtXysmHJQoQqXlTzHSpQRyPpJKiNIR21HzH/CrZRDFic1C1jDdp+zAPtqhNExa0owKMbNwW9cQ==

"@biomejs/cli-win32-x64@2.2.2":
  version "2.2.2"
  resolved "https://registry.yarnpkg.com/@biomejs/cli-win32-x64/-/cli-win32-x64-2.2.2.tgz#8c08d82e50b06ad50e4bc54b4bb41428d4261b5c"
  integrity sha512-DAuHhHekGfiGb6lCcsT4UyxQmVwQiBCBUMwVra/dcOSs9q8OhfaZgey51MlekT3p8UwRqtXQfFuEJBhJNdLZwg==

"@playwright/test@^1.55.0":
  version "1.55.0"
  resolved "https://registry.yarnpkg.com/@playwright/test/-/test-1.55.0.tgz#080fa6d9ee6d749ff523b1c18259572d0268b963"
  integrity sha512-04IXzPwHrW69XusN/SIdDdKZBzMfOT9UNT/YiJit/xpy2VuAoB8NHc8Aplb96zsWDddLnbkPL3TsmrS04ZU2xQ==
  dependencies:
    playwright "1.55.0"

"@types/node@^24.0.0":
  version "24.0.0"
  resolved "https://registry.npmjs.org/@types/node/-/node-24.0.0.tgz"
  integrity sha512-yZQa2zm87aRVcqDyH5+4Hv9KYgSdgwX1rFnGvpbzMaC7YAljmhBET93TPiTd3ObwTL+gSpIzPKg5BqVxdCvxKg==
  dependencies:
    undici-types "~7.8.0"

fsevents@2.3.2:
  version "2.3.2"
  resolved "https://registry.npmjs.org/fsevents/-/fsevents-2.3.2.tgz"
  integrity sha512-xiqMQR4xAeHTuB9uWm+fFRcIOgKBMiOBP+eXiyT7jsgVCq1bkVygt00oASowB7EdtpOHaaPgKt812P9ab+DDKA==

playwright-core@1.55.0:
  version "1.55.0"
  resolved "https://registry.yarnpkg.com/playwright-core/-/playwright-core-1.55.0.tgz#ec8a9f8ef118afb3e86e0f46f1393e3bea32adf4"
  integrity sha512-GvZs4vU3U5ro2nZpeiwyb0zuFaqb9sUiAJuyrWpcGouD8y9/HLgGbNRjIph7zU9D3hnPaisMl9zG9CgFi/biIg==

playwright@1.55.0:
  version "1.55.0"
  resolved "https://registry.yarnpkg.com/playwright/-/playwright-1.55.0.tgz#7aca7ac3ffd9e083a8ad8b2514d6f9ba401cc78b"
  integrity sha512-sdCWStblvV1YU909Xqx0DhOjPZE4/5lJsIS84IfN9dAZfcl/CIZ5O8l3o0j7hPMjDvqoTF8ZUcc+i/GL5erstA==
  dependencies:
    playwright-core "1.55.0"
  optionalDependencies:
    fsevents "2.3.2"

typescript@^5.9.2:
  version "5.9.2"
  resolved "https://registry.yarnpkg.com/typescript/-/typescript-5.9.2.tgz#d93450cddec5154a2d5cabe3b8102b83316fb2a6"
  integrity sha512-CWBzXQrc/qOkhidw1OzBTQuYRbfyxDXJMVJ1XNwUHGROVmuaeiEm3OslpZ1RV96d7SKKjZKrSJu3+t/xlw3R9A==

undici-types@~7.8.0:
  version "7.8.0"
  resolved "https://registry.npmjs.org/undici-types/-/undici-types-7.8.0.tgz"
  integrity sha512-9UJ2xGDvQ43tYyVMpuHlsgApydB8ZKfVYTsLDhXkFL/6gfkp+U8xTGdh8pMJv1SpZna0zxG1DwsKZsreLbXBxw==

zod@^3.25.61:
  version "3.25.61"
  resolved "https://registry.npmjs.org/zod/-/zod-3.25.61.tgz"
  integrity sha512-fzfJgUw78LTNnHujj9re1Ov/JJQkRZZGDMcYqSx7Hp4rPOkKywaFHq0S6GoHeXs0wGNE/sIOutkXgnwzrVOGCQ==
